
Microsoft Visual Studio Solution File, Format Version 12.00
# Visual Studio Version 16
VisualStudioVersion = 16.0.30621.155
MinimumVisualStudioVersion = 10.0.40219.1
Project("{9A19103F-16F7-4668-BE54-9A1E7A4F7556}") = "DesafioGitHubApi", "DesafioGitHubApi\DesafioGitHubApi.csproj", "{A3C501A2-BCE1-433E-8C39-B4FAAE196882}"
EndProject
Project("{FAE04EC0-301F-11D3-BF4B-00C04F79EFBC}") = "DesafioGitHubApiTestes", "DesafioGitHubApiTestes\DesafioGitHubApiTestes.csproj", "{A970567F-5355-4D69-823E-382545941477}"
EndProject
Global
	GlobalSection(SolutionConfigurationPlatforms) = preSolution
		Debug|Any CPU = Debug|Any CPU
		Release|Any CPU = Release|Any CPU
	EndGlobalSection
	GlobalSection(ProjectConfigurationPlatforms) = postSolution
		{A3C501A2-BCE1-433E-8C39-B4FAAE196882}.Debug|Any CPU.ActiveCfg = Debug|Any CPU
		{A3C501A2-BCE1-433E-8C39-B4FAAE196882}.Debug|Any CPU.Build.0 = Debug|Any CPU
		{A3C501A2-BCE1-433E-8C39-B4FAAE196882}.Release|Any CPU.ActiveCfg = Release|Any CPU
		{A3C501A2-BCE1-433E-8C39-B4FAAE196882}.Release|Any CPU.Build.0 = Release|Any CPU
		{A970567F-5355-4D69-823E-382545941477}.Debug|Any CPU.ActiveCfg = Debug|Any CPU
		{A970567F-5355-4D69-823E-382545941477}.Debug|Any CPU.Build.0 = Debug|Any CPU
		{A970567F-5355-4D69-823E-382545941477}.Release|Any CPU.ActiveCfg = Release|Any CPU
		{A970567F-5355-4D69-823E-382545941477}.Release|Any CPU.Build.0 = Release|Any CPU
	EndGlobalSection
	GlobalSection(SolutionProperties) = preSolution
		HideSolutionNode = FALSE
	EndGlobalSection
	GlobalSection(ExtensibilityGlobals) = postSolution
		SolutionGuid = {E1D2A9ED-5861-48BC-88CB-F21528184E46}
	EndGlobalSection
EndGlobal
